
Microsoft Visual Studio Solution File, Format Version 12.00
# Visual Studio 15
VisualStudioVersion = 15.0.27004.2009
MinimumVisualStudioVersion = 10.0.40219.1
Project("{FAE04EC0-301F-11D3-BF4B-00C04F79EFBC}") = "PiWeb", "PiWeb\PiWeb.csproj", "{F5D9A5B0-F42F-497E-86FB-432547E1655A}"
EndProject
Global
	GlobalSection(SolutionConfigurationPlatforms) = preSolution
		Debug|Any CPU = Debug|Any CPU
		Release|Any CPU = Release|Any CPU
	EndGlobalSection
	GlobalSection(ProjectConfigurationPlatforms) = postSolution
		{F5D9A5B0-F42F-497E-86FB-432547E1655A}.Debug|Any CPU.ActiveCfg = Debug|Any CPU
		{F5D9A5B0-F42F-497E-86FB-432547E1655A}.Debug|Any CPU.Build.0 = Debug|Any CPU
		{F5D9A5B0-F42F-497E-86FB-432547E1655A}.Release|Any CPU.ActiveCfg = Release|Any CPU
		{F5D9A5B0-F42F-497E-86FB-432547E1655A}.Release|Any CPU.Build.0 = Release|Any CPU
	EndGlobalSection
	GlobalSection(SolutionProperties) = preSolution
		HideSolutionNode = FALSE
	EndGlobalSection
	GlobalSection(ExtensibilityGlobals) = postSolution
		SolutionGuid = {755E1B0C-5228-4507-B3F7-3A614AC8B821}
	EndGlobalSection
EndGlobal
